
Microsoft Visual Studio Solution File, Format Version 12.00
# Visual Studio Version 17
VisualStudioVersion = 17.8.34316.72
MinimumVisualStudioVersion = 10.0.40219.1
Project("{FAE04EC0-301F-11D3-BF4B-00C04F79EFBC}") = "Pinning", "Pinning\Pinning.csproj", "{3E987143-3080-46A2-92D1-9CB6DA713110}"
EndProject
Global
	GlobalSection(SolutionConfigurationPlatforms) = preSolution
		Debug|Any CPU = Debug|Any CPU
		Release|Any CPU = Release|Any CPU
	EndGlobalSection
	GlobalSection(ProjectConfigurationPlatforms) = postSolution
		{3E987143-3080-46A2-92D1-9CB6DA713110}.Debug|Any CPU.ActiveCfg = Debug|Any CPU
		{3E987143-3080-46A2-92D1-9CB6DA713110}.Debug|Any CPU.Build.0 = Debug|Any CPU
		{3E987143-3080-46A2-92D1-9CB6DA713110}.Release|Any CPU.ActiveCfg = Release|Any CPU
		{3E987143-3080-46A2-92D1-9CB6DA713110}.Release|Any CPU.Build.0 = Release|Any CPU
	EndGlobalSection
	GlobalSection(SolutionProperties) = preSolution
		HideSolutionNode = FALSE
	EndGlobalSection
	GlobalSection(ExtensibilityGlobals) = postSolution
		SolutionGuid = {C18248AE-C7BC-46AB-8521-DE38FC2D8D3E}
	EndGlobalSection
EndGlobal
